{
  "name": "portio",
  "lockfileVersion": 2,
  "requires": true,
  "packages": {
    "": {
      "dependencies": {
        "microtip": "^0.2.2"
      }
    },
    "node_modules/microtip": {
      "version": "0.2.2",
      "resolved": "https://registry.npmjs.org/microtip/-/microtip-0.2.2.tgz",
      "integrity": "sha512-oah38eH5vSHVFP6yXjbKWOYt92mav++0j3zh844h1vhOscqEg7Rf4agDEIwUTFCcAPPdlhYUQMe6eZfHgD+4oQ=="
    }
  },
  "dependencies": {
    "microtip": {
      "version": "0.2.2",
      "resolved": "https://registry.npmjs.org/microtip/-/microtip-0.2.2.tgz",
      "integrity": "sha512-oah38eH5vSHVFP6yXjbKWOYt92mav++0j3zh844h1vhOscqEg7Rf4agDEIwUTFCcAPPdlhYUQMe6eZfHgD+4oQ=="
    }
  }
}
