{
  "name": "npm-proj-1660093587101-0.85368576855246590eAjGJ",
  "lockfileVersion": 2,
  "requires": true,
  "packages": {
    "": {
      "dependencies": {
        "algoliasearch": "^4.14.0",
        "instantsearch.js": "^4.36.0",
        "microtip": "^0.2.2"
      },
      "engines": {
        "node": ">= 10"
      }
    },
    "node_modules/@algolia/cache-browser-local-storage": {
      "version": "4.14.0",
      "resolved": "https://registry.npmjs.org/@algolia/cache-browser-local-storage/-/cache-browser-local-storage-4.14.0.tgz",
      "integrity": "sha512-vSX0uPTgTuWdKOv0DbjFBl5AGlWDzYADtv5ChLBBKHTBhAKp4f9b38zDB0v89pCbcoAGZjtb6UTM+pUEVSTuSw==",
      "dependencies": {
        "@algolia/cache-common": "4.14.0"
      }
    },
    "node_modules/@algolia/cache-common": {
      "version": "4.14.0",
      "resolved": "https://registry.npmjs.org/@algolia/cache-common/-/cache-common-4.14.0.tgz",
      "integrity": "sha512-9bCWX78td6DEtyVIJc2R8MokniFFgbS5r9ADVvBuBeDtVuNhOwDO/MYZ2WlAQJTwos9TtS9v0iJ9Ym0rDHMldA=="
    },
    "node_modules/@algolia/cache-in-memory": {
      "version": "4.14.0",
      "resolved": "https://registry.npmjs.org/@algolia/cache-in-memory/-/cache-in-memory-4.14.0.tgz",
      "integrity": "sha512-kIH9JjebSsZVxnTjaWarunFkWaHnMZ5vG98KwvQj++I4PCMgk7z/GBm9bMNgPUsDPqHxQ0p9HO/j8YgN6VYxgQ==",
      "dependencies": {
        "@algolia/cache-common": "4.14.0"
      }
    },
    "node_modules/@algolia/client-account": {
      "version": "4.14.0",
      "resolved": "https://registry.npmjs.org/@algolia/client-account/-/client-account-4.14.0.tgz",
      "integrity": "sha512-b0rAB3D2rf5qOeBZbUNcixl9EmiVPz6QgEvP2TC3Ed85+8xdVhtbyLD5EzTHQr2BPXvklo5NK1K5Q3UOZ9ojJQ==",
      "dependencies": {
        "@algolia/client-common": "4.14.0",
        "@algolia/client-search": "4.14.0",
        "@algolia/transporter": "4.14.0"
      }
    },
    "node_modules/@algolia/client-analytics": {
      "version": "4.14.0",
      "resolved": "https://registry.npmjs.org/@algolia/client-analytics/-/client-analytics-4.14.0.tgz",
      "integrity": "sha512-HcuAbUP2D2SZiV8pvBd6ZoJNJ1Zu5bvUctCknGS7QVQv4xfeDHFcQulwEPftKBhIoJmVZPsQznpeLf+PTGTA+w==",
      "dependencies": {
        "@algolia/client-common": "4.14.0",
        "@algolia/client-search": "4.14.0",
        "@algolia/requester-common": "4.14.0",
        "@algolia/transporter": "4.14.0"
      }
    },
    "node_modules/@algolia/client-common": {
      "version": "4.14.0",
      "resolved": "https://registry.npmjs.org/@algolia/client-common/-/client-common-4.14.0.tgz",
      "integrity": "sha512-7pmtPOicY6QEBQEYinChkVVi0SnDGcgJn1P0GkWxIMD23ZQk7o0/eMAQYqkGR3TET6YB/bZDeDrpL5v4DKN3tg==",
      "dependencies": {
        "@algolia/requester-common": "4.14.0",
        "@algolia/transporter": "4.14.0"
      }
    },
    "node_modules/@algolia/client-personalization": {
      "version": "4.14.0",
      "resolved": "https://registry.npmjs.org/@algolia/client-personalization/-/client-personalization-4.14.0.tgz",
      "integrity": "sha512-O/vADaSZYAzL0o8L+2QeTZr1O3VXu8DjBUXnEWWgn96v6zqTH0aoQsQ7gvYEsGNvTGiZZwNJNruzMaBNG0GNUA==",
      "dependencies": {
        "@algolia/client-common": "4.14.0",
        "@algolia/requester-common": "4.14.0",
        "@algolia/transporter": "4.14.0"
      }
    },
    "node_modules/@algolia/client-search": {
      "version": "4.14.0",
      "resolved": "https://registry.npmjs.org/@algolia/client-search/-/client-search-4.14.0.tgz",
      "integrity": "sha512-gFxteVMUzEMq6lDEex/gZKNudrFmOFLuWS9SQCU+sXeTCRw32aY5/RBDigOkD6Yp6nLkfnYWvPnDshwY6WgTbw==",
      "dependencies": {
        "@algolia/client-common": "4.14.0",
        "@algolia/requester-common": "4.14.0",
        "@algolia/transporter": "4.14.0"
      }
    },
    "node_modules/@algolia/events": {
      "version": "4.0.1",
      "resolved": "https://registry.npmjs.org/@algolia/events/-/events-4.0.1.tgz",
      "integrity": "sha512-FQzvOCgoFXAbf5Y6mYozw2aj5KCJoA3m4heImceldzPSMbdyS4atVjJzXKMsfX3wnZTFYwkkt8/z8UesLHlSBQ=="
    },
    "node_modules/@algolia/logger-common": {
      "version": "4.14.0",
      "resolved": "https://registry.npmjs.org/@algolia/logger-common/-/logger-common-4.14.0.tgz",
      "integrity": "sha512-1Fw+5Nd4d7NWNA9FhOIIXzESJn+j5VTO/f3YK+XhoOlbAwfMbD32InWEjNglrcHnSO8kpqrizFXveKTx1CzoKw=="
    },
    "node_modules/@algolia/logger-console": {
      "version": "4.14.0",
      "resolved": "https://registry.npmjs.org/@algolia/logger-console/-/logger-console-4.14.0.tgz",
      "integrity": "sha512-nBJwg1TVdzAZCIA5tIFYKA+QqYGD9iRhO8yEdm68VcOeckyNTQuvJtAkWyvzr2qNL6GD+bN8nUQ8Cf5HFy/wZg==",
      "dependencies": {
        "@algolia/logger-common": "4.14.0"
      }
    },
    "node_modules/@algolia/requester-browser-xhr": {
      "version": "4.14.0",
      "resolved": "https://registry.npmjs.org/@algolia/requester-browser-xhr/-/requester-browser-xhr-4.14.0.tgz",
      "integrity": "sha512-J4ND/l0/wOyztyOA3F4kFNIj/QDTeiS45m3hqSCVXpIJn/iq1ZP8zYW5q0/2sEMehO8TawVJiHnXYV0kO0Dk0Q==",
      "dependencies": {
        "@algolia/requester-common": "4.14.0"
      }
    },
    "node_modules/@algolia/requester-common": {
      "version": "4.14.0",
      "resolved": "https://registry.npmjs.org/@algolia/requester-common/-/requester-common-4.14.0.tgz",
      "integrity": "sha512-8DGIW5keIbAFet2TKGr/C9DVJ1r8IWFjgf4URPHn6NHMf6R+ruQp0gOf7xBP1Bw6JIS3/DbvlGqbw8sNO/N+Hw=="
    },
    "node_modules/@algolia/requester-node-http": {
      "version": "4.14.0",
      "resolved": "https://registry.npmjs.org/@algolia/requester-node-http/-/requester-node-http-4.14.0.tgz",
      "integrity": "sha512-DP0k1H9c6+lR4G/jKG4kez3QW1ksUDSSSSy3I8nhPZErIGgd0IqCTXDt1GwykDEkvYj/l4sA3x8pJtDMW3JSzw==",
      "dependencies": {
        "@algolia/requester-common": "4.14.0"
      }
    },
    "node_modules/@algolia/transporter": {
      "version": "4.14.0",
      "resolved": "https://registry.npmjs.org/@algolia/transporter/-/transporter-4.14.0.tgz",
      "integrity": "sha512-AP+8Qxeg0XvQ3rFbj4pIUzDMmtjo5pgBMx/57ADbge5Y4Y9ByDdQNjEKk6QFIe70SAwR/cGzglwYg7nl8mK/OA==",
      "dependencies": {
        "@algolia/cache-common": "4.14.0",
        "@algolia/logger-common": "4.14.0",
        "@algolia/requester-common": "4.14.0"
      }
    },
    "node_modules/@types/google.maps": {
      "version": "3.47.2",
      "resolved": "https://registry.npmjs.org/@types/google.maps/-/google.maps-3.47.2.tgz",
      "integrity": "sha512-mFmt428CY4UN49U8KH5J4RfcdkeRu6SZyPIXxU1MA0pnHb4pqn/c/whawTodB3pkKWe8F9fXfUlpBFsk9HucXw=="
    },
    "node_modules/@types/hogan.js": {
      "version": "3.0.1",
      "resolved": "https://registry.npmjs.org/@types/hogan.js/-/hogan.js-3.0.1.tgz",
      "integrity": "sha512-D03i/2OY7kGyMq9wdQ7oD8roE49z/ZCZThe/nbahtvuqCNZY9T2MfedOWyeBdbEpY2W8Gnh/dyJLdFtUCOkYbg=="
    },
    "node_modules/@types/qs": {
      "version": "6.9.7",
      "resolved": "https://registry.npmjs.org/@types/qs/-/qs-6.9.7.tgz",
      "integrity": "sha512-FGa1F62FT09qcrueBA6qYTrJPVDzah9a+493+o2PCXsesWHIn27G98TsSMs3WPNbZIEj4+VJf6saSFpvD+3Zsw=="
    },
    "node_modules/abbrev": {
      "version": "1.1.1",
      "resolved": "https://registry.npmjs.org/abbrev/-/abbrev-1.1.1.tgz",
      "integrity": "sha512-nne9/IiQ/hzIhY6pdDnbBtz7DjPTKrY00P/zvPSm5pOFkl6xuGrGnXn/VtTNNfNtAfZ9/1RtehkszU9qcTii0Q=="
    },
    "node_modules/algoliasearch": {
      "version": "4.14.0",
      "resolved": "https://registry.npmjs.org/algoliasearch/-/algoliasearch-4.14.0.tgz",
      "integrity": "sha512-r1rt5UQnrmqwjloi4tZzggUC7oWjNR/gfk+fjx0x4oP2UeDW5c8/XCovVFs9nwJ4n2xNKlxELyMAedcuLrBdng==",
      "dependencies": {
        "@algolia/cache-browser-local-storage": "4.14.0",
        "@algolia/cache-common": "4.14.0",
        "@algolia/cache-in-memory": "4.14.0",
        "@algolia/client-account": "4.14.0",
        "@algolia/client-analytics": "4.14.0",
        "@algolia/client-common": "4.14.0",
        "@algolia/client-personalization": "4.14.0",
        "@algolia/client-search": "4.14.0",
        "@algolia/logger-common": "4.14.0",
        "@algolia/logger-console": "4.14.0",
        "@algolia/requester-browser-xhr": "4.14.0",
        "@algolia/requester-common": "4.14.0",
        "@algolia/requester-node-http": "4.14.0",
        "@algolia/transporter": "4.14.0"
      }
    },
    "node_modules/algoliasearch-helper": {
      "version": "3.7.0",
      "resolved": "https://registry.npmjs.org/algoliasearch-helper/-/algoliasearch-helper-3.7.0.tgz",
      "integrity": "sha512-XJ3QfERBLfeVCyTVx80gon7r3/rgm/CE8Ha1H7cbablRe/X7SfYQ14g/eO+MhjVKIQp+gy9oC6G5ilmLwS1k6w==",
      "dependencies": {
        "@algolia/events": "^4.0.1"
      },
      "peerDependencies": {
        "algoliasearch": ">= 3.1 < 5"
      }
    },
    "node_modules/classnames": {
      "version": "2.3.1",
      "resolved": "https://registry.npmjs.org/classnames/-/classnames-2.3.1.tgz",
      "integrity": "sha512-OlQdbZ7gLfGarSqxesMesDa5uz7KFbID8Kpq/SxIoNGDqY8lSYs0D+hhtBXhcdB3rcbXArFr7vlHheLk1voeNA=="
    },
    "node_modules/hogan.js": {
      "version": "3.0.2",
      "resolved": "https://registry.npmjs.org/hogan.js/-/hogan.js-3.0.2.tgz",
      "integrity": "sha1-TNnhq9QpQUbnZ55B14mHMrAse/0=",
      "dependencies": {
        "mkdirp": "0.3.0",
        "nopt": "1.0.10"
      },
      "bin": {
        "hulk": "bin/hulk"
      }
    },
    "node_modules/instantsearch.js": {
      "version": "4.36.0",
      "resolved": "https://registry.npmjs.org/instantsearch.js/-/instantsearch.js-4.36.0.tgz",
      "integrity": "sha512-o0PRCir8AvMHo9idMEh6ERPXlSMn6auUbq2niW5t//03Kn+EPYDP8uXyKQtSRHLxd9T0gTU6PNJ3vM0VV76VgA==",
      "dependencies": {
        "@algolia/events": "^4.0.1",
        "@types/google.maps": "^3.45.3",
        "@types/hogan.js": "^3.0.0",
        "@types/qs": "^6.5.3",
        "algoliasearch-helper": "^3.7.0",
        "classnames": "^2.2.5",
        "hogan.js": "^3.0.2",
        "preact": "^10.0.0",
        "qs": "^6.5.1 < 6.10",
        "search-insights": "^2.1.0"
      },
      "peerDependencies": {
        "algoliasearch": ">= 3.1 < 5"
      }
    },
    "node_modules/microtip": {
      "version": "0.2.2",
      "resolved": "https://registry.npmjs.org/microtip/-/microtip-0.2.2.tgz",
      "integrity": "sha512-oah38eH5vSHVFP6yXjbKWOYt92mav++0j3zh844h1vhOscqEg7Rf4agDEIwUTFCcAPPdlhYUQMe6eZfHgD+4oQ=="
    },
    "node_modules/mkdirp": {
      "version": "0.3.0",
      "resolved": "https://registry.npmjs.org/mkdirp/-/mkdirp-0.3.0.tgz",
      "integrity": "sha1-G79asbqCevI1dRQ0kEJkVfSB/h4=",
      "deprecated": "Legacy versions of mkdirp are no longer supported. Please update to mkdirp 1.x. (Note that the API surface has changed to use Promises in 1.x.)",
      "engines": {
        "node": "*"
      }
    },
    "node_modules/nopt": {
      "version": "1.0.10",
      "resolved": "https://registry.npmjs.org/nopt/-/nopt-1.0.10.tgz",
      "integrity": "sha1-bd0hvSoxQXuScn3Vhfim83YI6+4=",
      "dependencies": {
        "abbrev": "1"
      },
      "bin": {
        "nopt": "bin/nopt.js"
      },
      "engines": {
        "node": "*"
      }
    },
    "node_modules/preact": {
      "version": "10.6.4",
      "resolved": "https://registry.npmjs.org/preact/-/preact-10.6.4.tgz",
      "integrity": "sha512-WyosM7pxGcndU8hY0OQlLd54tOU+qmG45QXj2dAYrL11HoyU/EzOSTlpJsirbBr1QW7lICxSsVJJmcmUglovHQ==",
      "funding": {
        "type": "opencollective",
        "url": "https://opencollective.com/preact"
      }
    },
    "node_modules/qs": {
      "version": "6.9.6",
      "resolved": "https://registry.npmjs.org/qs/-/qs-6.9.6.tgz",
      "integrity": "sha512-TIRk4aqYLNoJUbd+g2lEdz5kLWIuTMRagAXxl78Q0RiVjAOugHmeKNGdd3cwo/ktpf9aL9epCfFqWDEKysUlLQ==",
      "engines": {
        "node": ">=0.6"
      },
      "funding": {
        "url": "https://github.com/sponsors/ljharb"
      }
    },
    "node_modules/search-insights": {
      "version": "2.2.1",
      "resolved": "https://registry.npmjs.org/search-insights/-/search-insights-2.2.1.tgz",
      "integrity": "sha512-JDfVGZbKqTtiKVZjAVbkNw9C9f0ib80yx6Ea17M3z4RvPmuD0GYWXuFwA9++dpbreBEMH4TC3lQ29Zq7O4b5oA==",
      "engines": {
        "node": ">=8.16.0"
      }
    }
  },
  "dependencies": {
    "@algolia/cache-browser-local-storage": {
      "version": "4.14.0",
      "resolved": "https://registry.npmjs.org/@algolia/cache-browser-local-storage/-/cache-browser-local-storage-4.14.0.tgz",
      "integrity": "sha512-vSX0uPTgTuWdKOv0DbjFBl5AGlWDzYADtv5ChLBBKHTBhAKp4f9b38zDB0v89pCbcoAGZjtb6UTM+pUEVSTuSw==",
      "requires": {
        "@algolia/cache-common": "4.14.0"
      }
    },
    "@algolia/cache-common": {
      "version": "4.14.0",
      "resolved": "https://registry.npmjs.org/@algolia/cache-common/-/cache-common-4.14.0.tgz",
      "integrity": "sha512-9bCWX78td6DEtyVIJc2R8MokniFFgbS5r9ADVvBuBeDtVuNhOwDO/MYZ2WlAQJTwos9TtS9v0iJ9Ym0rDHMldA=="
    },
    "@algolia/cache-in-memory": {
      "version": "4.14.0",
      "resolved": "https://registry.npmjs.org/@algolia/cache-in-memory/-/cache-in-memory-4.14.0.tgz",
      "integrity": "sha512-kIH9JjebSsZVxnTjaWarunFkWaHnMZ5vG98KwvQj++I4PCMgk7z/GBm9bMNgPUsDPqHxQ0p9HO/j8YgN6VYxgQ==",
      "requires": {
        "@algolia/cache-common": "4.14.0"
      }
    },
    "@algolia/client-account": {
      "version": "4.14.0",
      "resolved": "https://registry.npmjs.org/@algolia/client-account/-/client-account-4.14.0.tgz",
      "integrity": "sha512-b0rAB3D2rf5qOeBZbUNcixl9EmiVPz6QgEvP2TC3Ed85+8xdVhtbyLD5EzTHQr2BPXvklo5NK1K5Q3UOZ9ojJQ==",
      "requires": {
        "@algolia/client-common": "4.14.0",
        "@algolia/client-search": "4.14.0",
        "@algolia/transporter": "4.14.0"
      }
    },
    "@algolia/client-analytics": {
      "version": "4.14.0",
      "resolved": "https://registry.npmjs.org/@algolia/client-analytics/-/client-analytics-4.14.0.tgz",
      "integrity": "sha512-HcuAbUP2D2SZiV8pvBd6ZoJNJ1Zu5bvUctCknGS7QVQv4xfeDHFcQulwEPftKBhIoJmVZPsQznpeLf+PTGTA+w==",
      "requires": {
        "@algolia/client-common": "4.14.0",
        "@algolia/client-search": "4.14.0",
        "@algolia/requester-common": "4.14.0",
        "@algolia/transporter": "4.14.0"
      }
    },
    "@algolia/client-common": {
      "version": "4.14.0",
      "resolved": "https://registry.npmjs.org/@algolia/client-common/-/client-common-4.14.0.tgz",
      "integrity": "sha512-7pmtPOicY6QEBQEYinChkVVi0SnDGcgJn1P0GkWxIMD23ZQk7o0/eMAQYqkGR3TET6YB/bZDeDrpL5v4DKN3tg==",
      "requires": {
        "@algolia/requester-common": "4.14.0",
        "@algolia/transporter": "4.14.0"
      }
    },
    "@algolia/client-personalization": {
      "version": "4.14.0",
      "resolved": "https://registry.npmjs.org/@algolia/client-personalization/-/client-personalization-4.14.0.tgz",
      "integrity": "sha512-O/vADaSZYAzL0o8L+2QeTZr1O3VXu8DjBUXnEWWgn96v6zqTH0aoQsQ7gvYEsGNvTGiZZwNJNruzMaBNG0GNUA==",
      "requires": {
        "@algolia/client-common": "4.14.0",
        "@algolia/requester-common": "4.14.0",
        "@algolia/transporter": "4.14.0"
      }
    },
    "@algolia/client-search": {
      "version": "4.14.0",
      "resolved": "https://registry.npmjs.org/@algolia/client-search/-/client-search-4.14.0.tgz",
      "integrity": "sha512-gFxteVMUzEMq6lDEex/gZKNudrFmOFLuWS9SQCU+sXeTCRw32aY5/RBDigOkD6Yp6nLkfnYWvPnDshwY6WgTbw==",
      "requires": {
        "@algolia/client-common": "4.14.0",
        "@algolia/requester-common": "4.14.0",
        "@algolia/transporter": "4.14.0"
      }
    },
    "@algolia/events": {
      "version": "4.0.1",
      "resolved": "https://registry.npmjs.org/@algolia/events/-/events-4.0.1.tgz",
      "integrity": "sha512-FQzvOCgoFXAbf5Y6mYozw2aj5KCJoA3m4heImceldzPSMbdyS4atVjJzXKMsfX3wnZTFYwkkt8/z8UesLHlSBQ=="
    },
    "@algolia/logger-common": {
      "version": "4.14.0",
      "resolved": "https://registry.npmjs.org/@algolia/logger-common/-/logger-common-4.14.0.tgz",
      "integrity": "sha512-1Fw+5Nd4d7NWNA9FhOIIXzESJn+j5VTO/f3YK+XhoOlbAwfMbD32InWEjNglrcHnSO8kpqrizFXveKTx1CzoKw=="
    },
    "@algolia/logger-console": {
      "version": "4.14.0",
      "resolved": "https://registry.npmjs.org/@algolia/logger-console/-/logger-console-4.14.0.tgz",
      "integrity": "sha512-nBJwg1TVdzAZCIA5tIFYKA+QqYGD9iRhO8yEdm68VcOeckyNTQuvJtAkWyvzr2qNL6GD+bN8nUQ8Cf5HFy/wZg==",
      "requires": {
        "@algolia/logger-common": "4.14.0"
      }
    },
    "@algolia/requester-browser-xhr": {
      "version": "4.14.0",
      "resolved": "https://registry.npmjs.org/@algolia/requester-browser-xhr/-/requester-browser-xhr-4.14.0.tgz",
      "integrity": "sha512-J4ND/l0/wOyztyOA3F4kFNIj/QDTeiS45m3hqSCVXpIJn/iq1ZP8zYW5q0/2sEMehO8TawVJiHnXYV0kO0Dk0Q==",
      "requires": {
        "@algolia/requester-common": "4.14.0"
      }
    },
    "@algolia/requester-common": {
      "version": "4.14.0",
      "resolved": "https://registry.npmjs.org/@algolia/requester-common/-/requester-common-4.14.0.tgz",
      "integrity": "sha512-8DGIW5keIbAFet2TKGr/C9DVJ1r8IWFjgf4URPHn6NHMf6R+ruQp0gOf7xBP1Bw6JIS3/DbvlGqbw8sNO/N+Hw=="
    },
    "@algolia/requester-node-http": {
      "version": "4.14.0",
      "resolved": "https://registry.npmjs.org/@algolia/requester-node-http/-/requester-node-http-4.14.0.tgz",
      "integrity": "sha512-DP0k1H9c6+lR4G/jKG4kez3QW1ksUDSSSSy3I8nhPZErIGgd0IqCTXDt1GwykDEkvYj/l4sA3x8pJtDMW3JSzw==",
      "requires": {
        "@algolia/requester-common": "4.14.0"
      }
    },
    "@algolia/transporter": {
      "version": "4.14.0",
      "resolved": "https://registry.npmjs.org/@algolia/transporter/-/transporter-4.14.0.tgz",
      "integrity": "sha512-AP+8Qxeg0XvQ3rFbj4pIUzDMmtjo5pgBMx/57ADbge5Y4Y9ByDdQNjEKk6QFIe70SAwR/cGzglwYg7nl8mK/OA==",
      "requires": {
        "@algolia/cache-common": "4.14.0",
        "@algolia/logger-common": "4.14.0",
        "@algolia/requester-common": "4.14.0"
      }
    },
    "@types/google.maps": {
      "version": "3.47.2",
      "resolved": "https://registry.npmjs.org/@types/google.maps/-/google.maps-3.47.2.tgz",
      "integrity": "sha512-mFmt428CY4UN49U8KH5J4RfcdkeRu6SZyPIXxU1MA0pnHb4pqn/c/whawTodB3pkKWe8F9fXfUlpBFsk9HucXw=="
    },
    "@types/hogan.js": {
      "version": "3.0.1",
      "resolved": "https://registry.npmjs.org/@types/hogan.js/-/hogan.js-3.0.1.tgz",
      "integrity": "sha512-D03i/2OY7kGyMq9wdQ7oD8roE49z/ZCZThe/nbahtvuqCNZY9T2MfedOWyeBdbEpY2W8Gnh/dyJLdFtUCOkYbg=="
    },
    "@types/qs": {
      "version": "6.9.7",
      "resolved": "https://registry.npmjs.org/@types/qs/-/qs-6.9.7.tgz",
      "integrity": "sha512-FGa1F62FT09qcrueBA6qYTrJPVDzah9a+493+o2PCXsesWHIn27G98TsSMs3WPNbZIEj4+VJf6saSFpvD+3Zsw=="
    },
    "abbrev": {
      "version": "1.1.1",
      "resolved": "https://registry.npmjs.org/abbrev/-/abbrev-1.1.1.tgz",
      "integrity": "sha512-nne9/IiQ/hzIhY6pdDnbBtz7DjPTKrY00P/zvPSm5pOFkl6xuGrGnXn/VtTNNfNtAfZ9/1RtehkszU9qcTii0Q=="
    },
    "algoliasearch": {
      "version": "4.14.0",
      "resolved": "https://registry.npmjs.org/algoliasearch/-/algoliasearch-4.14.0.tgz",
      "integrity": "sha512-r1rt5UQnrmqwjloi4tZzggUC7oWjNR/gfk+fjx0x4oP2UeDW5c8/XCovVFs9nwJ4n2xNKlxELyMAedcuLrBdng==",
      "requires": {
        "@algolia/cache-browser-local-storage": "4.14.0",
        "@algolia/cache-common": "4.14.0",
        "@algolia/cache-in-memory": "4.14.0",
        "@algolia/client-account": "4.14.0",
        "@algolia/client-analytics": "4.14.0",
        "@algolia/client-common": "4.14.0",
        "@algolia/client-personalization": "4.14.0",
        "@algolia/client-search": "4.14.0",
        "@algolia/logger-common": "4.14.0",
        "@algolia/logger-console": "4.14.0",
        "@algolia/requester-browser-xhr": "4.14.0",
        "@algolia/requester-common": "4.14.0",
        "@algolia/requester-node-http": "4.14.0",
        "@algolia/transporter": "4.14.0"
      }
    },
    "algoliasearch-helper": {
      "version": "3.7.0",
      "resolved": "https://registry.npmjs.org/algoliasearch-helper/-/algoliasearch-helper-3.7.0.tgz",
      "integrity": "sha512-XJ3QfERBLfeVCyTVx80gon7r3/rgm/CE8Ha1H7cbablRe/X7SfYQ14g/eO+MhjVKIQp+gy9oC6G5ilmLwS1k6w==",
      "requires": {
        "@algolia/events": "^4.0.1"
      }
    },
    "classnames": {
      "version": "2.3.1",
      "resolved": "https://registry.npmjs.org/classnames/-/classnames-2.3.1.tgz",
      "integrity": "sha512-OlQdbZ7gLfGarSqxesMesDa5uz7KFbID8Kpq/SxIoNGDqY8lSYs0D+hhtBXhcdB3rcbXArFr7vlHheLk1voeNA=="
    },
    "hogan.js": {
      "version": "3.0.2",
      "resolved": "https://registry.npmjs.org/hogan.js/-/hogan.js-3.0.2.tgz",
      "integrity": "sha1-TNnhq9QpQUbnZ55B14mHMrAse/0=",
      "requires": {
        "mkdirp": "0.3.0",
        "nopt": "1.0.10"
      }
    },
    "instantsearch.js": {
      "version": "4.36.0",
      "resolved": "https://registry.npmjs.org/instantsearch.js/-/instantsearch.js-4.36.0.tgz",
      "integrity": "sha512-o0PRCir8AvMHo9idMEh6ERPXlSMn6auUbq2niW5t//03Kn+EPYDP8uXyKQtSRHLxd9T0gTU6PNJ3vM0VV76VgA==",
      "requires": {
        "@algolia/events": "^4.0.1",
        "@types/google.maps": "^3.45.3",
        "@types/hogan.js": "^3.0.0",
        "@types/qs": "^6.5.3",
        "algoliasearch-helper": "^3.7.0",
        "classnames": "^2.2.5",
        "hogan.js": "^3.0.2",
        "preact": "^10.0.0",
        "qs": "^6.5.1 < 6.10",
        "search-insights": "^2.1.0"
      }
    },
    "microtip": {
      "version": "0.2.2",
      "resolved": "https://registry.npmjs.org/microtip/-/microtip-0.2.2.tgz",
      "integrity": "sha512-oah38eH5vSHVFP6yXjbKWOYt92mav++0j3zh844h1vhOscqEg7Rf4agDEIwUTFCcAPPdlhYUQMe6eZfHgD+4oQ=="
    },
    "mkdirp": {
      "version": "0.3.0",
      "resolved": "https://registry.npmjs.org/mkdirp/-/mkdirp-0.3.0.tgz",
      "integrity": "sha1-G79asbqCevI1dRQ0kEJkVfSB/h4="
    },
    "nopt": {
      "version": "1.0.10",
      "resolved": "https://registry.npmjs.org/nopt/-/nopt-1.0.10.tgz",
      "integrity": "sha1-bd0hvSoxQXuScn3Vhfim83YI6+4=",
      "requires": {
        "abbrev": "1"
      }
    },
    "preact": {
      "version": "10.6.4",
      "resolved": "https://registry.npmjs.org/preact/-/preact-10.6.4.tgz",
      "integrity": "sha512-WyosM7pxGcndU8hY0OQlLd54tOU+qmG45QXj2dAYrL11HoyU/EzOSTlpJsirbBr1QW7lICxSsVJJmcmUglovHQ=="
    },
    "qs": {
      "version": "6.9.6",
      "resolved": "https://registry.npmjs.org/qs/-/qs-6.9.6.tgz",
      "integrity": "sha512-TIRk4aqYLNoJUbd+g2lEdz5kLWIuTMRagAXxl78Q0RiVjAOugHmeKNGdd3cwo/ktpf9aL9epCfFqWDEKysUlLQ=="
    },
    "search-insights": {
      "version": "2.2.1",
      "resolved": "https://registry.npmjs.org/search-insights/-/search-insights-2.2.1.tgz",
      "integrity": "sha512-JDfVGZbKqTtiKVZjAVbkNw9C9f0ib80yx6Ea17M3z4RvPmuD0GYWXuFwA9++dpbreBEMH4TC3lQ29Zq7O4b5oA=="
    }
  }
}
